
Microsoft Visual Studio Solution File, Format Version 12.00
# Visual Studio 15
VisualStudioVersion = 15.0.26430.12
MinimumVisualStudioVersion = 10.0.40219.1
Project("{FAE04EC0-301F-11D3-BF4B-00C04F79EFBC}") = "CatchData", "CatchData\CatchData.csproj", "{9A717953-0CD6-41AB-AD34-CA640CE0DE9D}"
EndProject
Project("{FAE04EC0-301F-11D3-BF4B-00C04F79EFBC}") = "CatchData.Test", "CatchData.Test\CatchData.Test.csproj", "{3C7C54BF-D911-4E34-BC65-93912638A011}"
EndProject
Global
	GlobalSection(SolutionConfigurationPlatforms) = preSolution
		Debug|Any CPU = Debug|Any CPU
		Release|Any CPU = Release|Any CPU
	EndGlobalSection
	GlobalSection(ProjectConfigurationPlatforms) = postSolution
		{9A717953-0CD6-41AB-AD34-CA640CE0DE9D}.Debug|Any CPU.ActiveCfg = Debug|Any CPU
		{9A717953-0CD6-41AB-AD34-CA640CE0DE9D}.Debug|Any CPU.Build.0 = Debug|Any CPU
		{9A717953-0CD6-41AB-AD34-CA640CE0DE9D}.Release|Any CPU.ActiveCfg = Release|Any CPU
		{9A717953-0CD6-41AB-AD34-CA640CE0DE9D}.Release|Any CPU.Build.0 = Release|Any CPU
		{3C7C54BF-D911-4E34-BC65-93912638A011}.Debug|Any CPU.ActiveCfg = Debug|Any CPU
		{3C7C54BF-D911-4E34-BC65-93912638A011}.Debug|Any CPU.Build.0 = Debug|Any CPU
		{3C7C54BF-D911-4E34-BC65-93912638A011}.Release|Any CPU.ActiveCfg = Release|Any CPU
		{3C7C54BF-D911-4E34-BC65-93912638A011}.Release|Any CPU.Build.0 = Release|Any CPU
	EndGlobalSection
	GlobalSection(SolutionProperties) = preSolution
		HideSolutionNode = FALSE
	EndGlobalSection
EndGlobal
